// !$*UTF8*$!
{
	archiveVersion = 1;
	classes = {
	};
	objectVersion = 77;
	objects = {

/* Begin PBXBuildFile section */
		23060C4E2D5CE2BD00A68F2B /* LandingView.swift in Sources */ = {isa = PBXBuildFile; fileRef = 23060C4B2D5CE2BD00A68F2B /* LandingView.swift */; };
		23060C4F2D5CE2BD00A68F2B /* SimpleOperationsApp.swift in Sources */ = {isa = PBXBuildFile; fileRef = 23060C4C2D5CE2BD00A68F2B /* SimpleOperationsApp.swift */; };
		23060C502D5CE2BD00A68F2B /* Preview Assets.xcassets in Resources */ = {isa = PBXBuildFile; fileRef = 23060C482D5CE2BD00A68F2B /* Preview Assets.xcassets */; };
		23060C512D5CE2BD00A68F2B /* Assets.xcassets in Resources */ = {isa = PBXBuildFile; fileRef = 23060C4A2D5CE2BD00A68F2B /* Assets.xcassets */; };
		23060C562D5CE4C400A68F2B /* AdditionView.swift in Sources */ = {isa = PBXBuildFile; fileRef = 23060C552D5CE4C400A68F2B /* AdditionView.swift */; };
		23060C582D5CE4F000A68F2B /* SubtractionView.swift in Sources */ = {isa = PBXBuildFile; fileRef = 23060C572D5CE4F000A68F2B /* SubtractionView.swift */; };
		23060C5A2D5CE50800A68F2B /* MultiplicationView.swift in Sources */ = {isa = PBXBuildFile; fileRef = 23060C592D5CE50700A68F2B /* MultiplicationView.swift */; };
		23060C5C2D5CE52300A68F2B /* DivisionView.swift in Sources */ = {isa = PBXBuildFile; fileRef = 23060C5B2D5CE52300A68F2B /* DivisionView.swift */; };
/* End PBXBuildFile section */

/* Begin PBXFileReference section */
		23060C372D5CE2AD00A68F2B /* SimpleOperations.app */ = {isa = PBXFileReference; explicitFileType = wrapper.application; includeInIndex = 0; path = SimpleOperations.app; sourceTree = BUILT_PRODUCTS_DIR; };
		23060C482D5CE2BD00A68F2B /* Preview Assets.xcassets */ = {isa = PBXFileReference; lastKnownFileType = folder.assetcatalog; path = "Preview Assets.xcassets"; sourceTree = "<group>"; };
		23060C4A2D5CE2BD00A68F2B /* Assets.xcassets */ = {isa = PBXFileReference; lastKnownFileType = folder.assetcatalog; path = Assets.xcassets; sourceTree = "<group>"; };
		23060C4B2D5CE2BD00A68F2B /* LandingView.swift */ = {isa = PBXFileReference; lastKnownFileType = sourcecode.swift; path = LandingView.swift; sourceTree = "<group>"; };
		23060C4C2D5CE2BD00A68F2B /* SimpleOperationsApp.swift */ = {isa = PBXFileReference; lastKnownFileType = sourcecode.swift; path = SimpleOperationsApp.swift; sourceTree = "<group>"; };
		23060C552D5CE4C400A68F2B /* AdditionView.swift */ = {isa = PBXFileReference; lastKnownFileType = sourcecode.swift; path = AdditionView.swift; sourceTree = "<group>"; };
		23060C572D5CE4F000A68F2B /* SubtractionView.swift */ = {isa = PBXFileReference; lastKnownFileType = sourcecode.swift; path = SubtractionView.swift; sourceTree = "<group>"; };
		23060C592D5CE50700A68F2B /* MultiplicationView.swift */ = {isa = PBXFileReference; lastKnownFileType = sourcecode.swift; path = MultiplicationView.swift; sourceTree = "<group>"; };
		23060C5B2D5CE52300A68F2B /* DivisionView.swift */ = {isa = PBXFileReference; lastKnownFileType = sourcecode.swift; path = DivisionView.swift; sourceTree = "<group>"; };
/* End PBXFileReference section */

/* Begin PBXFrameworksBuildPhase section */
		23060C342D5CE2AD00A68F2B /* Frameworks */ = {
			isa = PBXFrameworksBuildPhase;
			buildActionMask = 2147483647;
			files = (
			);
			runOnlyForDeploymentPostprocessing = 0;
		};
/* End PBXFrameworksBuildPhase section */

/* Begin PBXGroup section */
		23060C2E2D5CE2AD00A68F2B = {
			isa = PBXGroup;
			children = (
				23060C4D2D5CE2BD00A68F2B /* SimpleOperations */,
				23060C382D5CE2AD00A68F2B /* Products */,
			);
			sourceTree = "<group>";
		};
		23060C382D5CE2AD00A68F2B /* Products */ = {
			isa = PBXGroup;
			children = (
				23060C372D5CE2AD00A68F2B /* SimpleOperations.app */,
			);
			name = Products;
			sourceTree = "<group>";
		};
		23060C492D5CE2BD00A68F2B /* Preview Content */ = {
			isa = PBXGroup;
			children = (
				23060C482D5CE2BD00A68F2B /* Preview Assets.xcassets */,
			);
			path = "Preview Content";
			sourceTree = "<group>";
		};
		23060C4D2D5CE2BD00A68F2B /* SimpleOperations */ = {
			isa = PBXGroup;
			children = (
				23060C4C2D5CE2BD00A68F2B /* SimpleOperationsApp.swift */,
				23060C522D5CE2C200A68F2B /* Views */,
				23060C492D5CE2BD00A68F2B /* Preview Content */,
				23060C4A2D5CE2BD00A68F2B /* Assets.xcassets */,
			);
			path = SimpleOperations;
			sourceTree = "<group>";
		};
		23060C522D5CE2C200A68F2B /* Views */ = {
			isa = PBXGroup;
			children = (
				23060C4B2D5CE2BD00A68F2B /* LandingView.swift */,
				23060C552D5CE4C400A68F2B /* AdditionView.swift */,
				23060C572D5CE4F000A68F2B /* SubtractionView.swift */,
				23060C592D5CE50700A68F2B /* MultiplicationView.swift */,
				23060C5B2D5CE52300A68F2B /* DivisionView.swift */,
			);
			path = Views;
			sourceTree = "<group>";
		};
/* End PBXGroup section */

/* Begin PBXNativeTarget section */
		23060C362D5CE2AD00A68F2B /* SimpleOperations */ = {
			isa = PBXNativeTarget;
			buildConfigurationList = 23060C452D5CE2B100A68F2B /* Build configuration list for PBXNativeTarget "SimpleOperations" */;
			buildPhases = (
				23060C332D5CE2AD00A68F2B /* Sources */,
				23060C342D5CE2AD00A68F2B /* Frameworks */,
				23060C352D5CE2AD00A68F2B /* Resources */,
			);
			buildRules = (
			);
			dependencies = (
			);
			name = SimpleOperations;
			packageProductDependencies = (
			);
			productName = SimpleOperations;
			productReference = 23060C372D5CE2AD00A68F2B /* SimpleOperations.app */;
			productType = "com.apple.product-type.application";
		};
/* End PBXNativeTarget section */

/* Begin PBXProject section */
		23060C2F2D5CE2AD00A68F2B /* Project object */ = {
			isa = PBXProject;
			attributes = {
				BuildIndependentTargetsInParallel = 1;
				LastSwiftUpdateCheck = 1600;
				LastUpgradeCheck = 1600;
				TargetAttributes = {
					23060C362D5CE2AD00A68F2B = {
						CreatedOnToolsVersion = 16.0;
					};
				};
			};
			buildConfigurationList = 23060C322D5CE2AD00A68F2B /* Build configuration list for PBXProject "SimpleOperations" */;
			developmentRegion = en;
			hasScannedForEncodings = 0;
			knownRegions = (
				en,
				Base,
			);
			mainGroup = 23060C2E2D5CE2AD00A68F2B;
			minimizedProjectReferenceProxies = 1;
			preferredProjectObjectVersion = 77;
			productRefGroup = 23060C382D5CE2AD00A68F2B /* Products */;
			projectDirPath = "";
			projectRoot = "";
			targets = (
				23060C362D5CE2AD00A68F2B /* SimpleOperations */,
			);
		};
/* End PBXProject section */

/* Begin PBXResourcesBuildPhase section */
		23060C352D5CE2AD00A68F2B /* Resources */ = {
			isa = PBXResourcesBuildPhase;
			buildActionMask = 2147483647;
			files = (
				23060C502D5CE2BD00A68F2B /* Preview Assets.xcassets in Resources */,
				23060C512D5CE2BD00A68F2B /* Assets.xcassets in Resources */,
			);
			runOnlyForDeploymentPostprocessing = 0;
		};
/* End PBXResourcesBuildPhase section */

/* Begin PBXSourcesBuildPhase section */
		23060C332D5CE2AD00A68F2B /* Sources */ = {
			isa = PBXSourcesBuildPhase;
			buildActionMask = 2147483647;
			files = (
				23060C4E2D5CE2BD00A68F2B /* LandingView.swift in Sources */,
				23060C5C2D5CE52300A68F2B /* DivisionView.swift in Sources */,
				23060C5A2D5CE50800A68F2B /* MultiplicationView.swift in Sources */,
				23060C582D5CE4F000A68F2B /* SubtractionView.swift in Sources */,
				23060C4F2D5CE2BD00A68F2B /* SimpleOperationsApp.swift in Sources */,
				23060C562D5CE4C400A68F2B /* AdditionView.swift in Sources */,
			);
			runOnlyForDeploymentPostprocessing = 0;
		};
/* End PBXSourcesBuildPhase section */

/* Begin XCBuildConfiguration section */
		23060C432D5CE2B100A68F2B /* Debug */ = {
			isa = XCBuildConfiguration;
			buildSettings = {
				ALWAYS_SEARCH_USER_PATHS = NO;
				ASSETCATALOG_COMPILER_GENERATE_SWIFT_ASSET_SYMBOL_EXTENSIONS = YES;
				CLANG_ANALYZER_NONNULL = YES;
				CLANG_ANALYZER_NUMBER_OBJECT_CONVERSION = YES_AGGRESSIVE;
				CLANG_CXX_LANGUAGE_STANDARD = "gnu++20";
				CLANG_ENABLE_MODULES = YES;
				CLANG_ENABLE_OBJC_ARC = YES;
				CLANG_ENABLE_OBJC_WEAK = YES;
				CLANG_WARN_BLOCK_CAPTURE_AUTORELEASING = YES;
				CLANG_WARN_BOOL_CONVERSION = YES;
				CLANG_WARN_COMMA = YES;
				CLANG_WARN_CONSTANT_CONVERSION = YES;
				CLANG_WARN_DEPRECATED_OBJC_IMPLEMENTATIONS = YES;
				CLANG_WARN_DIRECT_OBJC_ISA_USAGE = YES_ERROR;
				CLANG_WARN_DOCUMENTATION_COMMENTS = YES;
				CLANG_WARN_EMPTY_BODY = YES;
				CLANG_WARN_ENUM_CONVERSION = YES;
				CLANG_WARN_INFINITE_RECURSION = YES;
				CLANG_WARN_INT_CONVERSION = YES;
				CLANG_WARN_NON_LITERAL_NULL_CONVERSION = YES;
				CLANG_WARN_OBJC_IMPLICIT_RETAIN_SELF = YES;
				CLANG_WARN_OBJC_LITERAL_CONVERSION = YES;
				CLANG_WARN_OBJC_ROOT_CLASS = YES_ERROR;
				CLANG_WARN_QUOTED_INCLUDE_IN_FRAMEWORK_HEADER = YES;
				CLANG_WARN_RANGE_LOOP_ANALYSIS = YES;
				CLANG_WARN_STRICT_PROTOTYPES = YES;
				CLANG_WARN_SUSPICIOUS_MOVE = YES;
				CLANG_WARN_UNGUARDED_AVAILABILITY = YES_AGGRESSIVE;
				CLANG_WARN_UNREACHABLE_CODE = YES;
				CLANG_WARN__DUPLICATE_METHOD_MATCH = YES;
				COPY_PHASE_STRIP = NO;
				DEBUG_INFORMATION_FORMAT = dwarf;
				ENABLE_STRICT_OBJC_MSGSEND = YES;
				ENABLE_TESTABILITY = YES;
				ENABLE_USER_SCRIPT_SANDBOXING = YES;
				GCC_C_LANGUAGE_STANDARD = gnu17;
				GCC_DYNAMIC_NO_PIC = NO;
				GCC_NO_COMMON_BLOCKS = YES;
				GCC_OPTIMIZATION_LEVEL = 0;
				GCC_PREPROCESSOR_DEFINITIONS = (
					"DEBUG=1",
					"$(inherited)",
				);
				GCC_WARN_64_TO_32_BIT_CONVERSION = YES;
				GCC_WARN_ABOUT_RETURN_TYPE = YES_ERROR;
				GCC_WARN_UNDECLARED_SELECTOR = YES;
				GCC_WARN_UNINITIALIZED_AUTOS = YES_AGGRESSIVE;
				GCC_WARN_UNUSED_FUNCTION = YES;
				GCC_WARN_UNUSED_VARIABLE = YES;
				IPHONEOS_DEPLOYMENT_TARGET = 18.0;
				LOCALIZATION_PREFERS_STRING_CATALOGS = YES;
				MTL_ENABLE_DEBUG_INFO = INCLUDE_SOURCE;
				MTL_FAST_MATH = YES;
				ONLY_ACTIVE_ARCH = YES;
				SDKROOT = iphoneos;
				SWIFT_ACTIVE_COMPILATION_CONDITIONS = "DEBUG $(inherited)";
				SWIFT_OPTIMIZATION_LEVEL = "-Onone";
			};
			name = Debug;
		};
		23060C442D5CE2B100A68F2B /* Release */ = {
			isa = XCBuildConfiguration;
			buildSettings = {
				ALWAYS_SEARCH_USER_PATHS = NO;
				ASSETCATALOG_COMPILER_GENERATE_SWIFT_ASSET_SYMBOL_EXTENSIONS = YES;
				CLANG_ANALYZER_NONNULL = YES;
				CLANG_ANALYZER_NUMBER_OBJECT_CONVERSION = YES_AGGRESSIVE;
				CLANG_CXX_LANGUAGE_STANDARD = "gnu++20";
				CLANG_ENABLE_MODULES = YES;
				CLANG_ENABLE_OBJC_ARC = YES;
				CLANG_ENABLE_OBJC_WEAK = YES;
				CLANG_WARN_BLOCK_CAPTURE_AUTORELEASING = YES;
				CLANG_WARN_BOOL_CONVERSION = YES;
				CLANG_WARN_COMMA = YES;
				CLANG_WARN_CONSTANT_CONVERSION = YES;
				CLANG_WARN_DEPRECATED_OBJC_IMPLEMENTATIONS = YES;
				CLANG_WARN_DIRECT_OBJC_ISA_USAGE = YES_ERROR;
				CLANG_WARN_DOCUMENTATION_COMMENTS = YES;
				CLANG_WARN_EMPTY_BODY = YES;
				CLANG_WARN_ENUM_CONVERSION = YES;
				CLANG_WARN_INFINITE_RECURSION = YES;
				CLANG_WARN_INT_CONVERSION = YES;
				CLANG_WARN_NON_LITERAL_NULL_CONVERSION = YES;
				CLANG_WARN_OBJC_IMPLICIT_RETAIN_SELF = YES;
				CLANG_WARN_OBJC_LITERAL_CONVERSION = YES;
				CLANG_WARN_OBJC_ROOT_CLASS = YES_ERROR;
				CLANG_WARN_QUOTED_INCLUDE_IN_FRAMEWORK_HEADER = YES;
				CLANG_WARN_RANGE_LOOP_ANALYSIS = YES;
				CLANG_WARN_STRICT_PROTOTYPES = YES;
				CLANG_WARN_SUSPICIOUS_MOVE = YES;
				CLANG_WARN_UNGUARDED_AVAILABILITY = YES_AGGRESSIVE;
				CLANG_WARN_UNREACHABLE_CODE = YES;
				CLANG_WARN__DUPLICATE_METHOD_MATCH = YES;
				COPY_PHASE_STRIP = NO;
				DEBUG_INFORMATION_FORMAT = "dwarf-with-dsym";
				ENABLE_NS_ASSERTIONS = NO;
				ENABLE_STRICT_OBJC_MSGSEND = YES;
				ENABLE_USER_SCRIPT_SANDBOXING = YES;
				GCC_C_LANGUAGE_STANDARD = gnu17;
				GCC_NO_COMMON_BLOCKS = YES;
				GCC_WARN_64_TO_32_BIT_CONVERSION = YES;
				GCC_WARN_ABOUT_RETURN_TYPE = YES_ERROR;
				GCC_WARN_UNDECLARED_SELECTOR = YES;
				GCC_WARN_UNINITIALIZED_AUTOS = YES_AGGRESSIVE;
				GCC_WARN_UNUSED_FUNCTION = YES;
				GCC_WARN_UNUSED_VARIABLE = YES;
				IPHONEOS_DEPLOYMENT_TARGET = 18.0;
				LOCALIZATION_PREFERS_STRING_CATALOGS = YES;
				MTL_ENABLE_DEBUG_INFO = NO;
				MTL_FAST_MATH = YES;
				SDKROOT = iphoneos;
				SWIFT_COMPILATION_MODE = wholemodule;
				VALIDATE_PRODUCT = YES;
			};
			name = Release;
		};
		23060C462D5CE2B100A68F2B /* Debug */ = {
			isa = XCBuildConfiguration;
			buildSettings = {
				ASSETCATALOG_COMPILER_APPICON_NAME = AppIcon;
				ASSETCATALOG_COMPILER_GLOBAL_ACCENT_COLOR_NAME = AccentColor;
				CODE_SIGN_STYLE = Automatic;
				CURRENT_PROJECT_VERSION = 1;
				DEVELOPMENT_ASSET_PATHS = "\"SimpleOperations/Preview Content\"";
				DEVELOPMENT_TEAM = 4UG443984D;
				ENABLE_PREVIEWS = YES;
				GENERATE_INFOPLIST_FILE = YES;
				INFOPLIST_KEY_UIApplicationSceneManifest_Generation = YES;
				INFOPLIST_KEY_UIApplicationSupportsIndirectInputEvents = YES;
				INFOPLIST_KEY_UILaunchScreen_Generation = YES;
				INFOPLIST_KEY_UISupportedInterfaceOrientations_iPad = "UIInterfaceOrientationPortrait UIInterfaceOrientationPortraitUpsideDown UIInterfaceOrientationLandscapeLeft UIInterfaceOrientationLandscapeRight";
				INFOPLIST_KEY_UISupportedInterfaceOrientations_iPhone = "UIInterfaceOrientationPortrait UIInterfaceOrientationLandscapeLeft UIInterfaceOrientationLandscapeRight";
				LD_RUNPATH_SEARCH_PATHS = (
					"$(inherited)",
					"@executable_path/Frameworks",
				);
				MARKETING_VERSION = 1.0;
				PRODUCT_BUNDLE_IDENTIFIER = ca.neilshah.SimpleOperations;
				PRODUCT_NAME = "$(TARGET_NAME)";
				SWIFT_EMIT_LOC_STRINGS = YES;
				SWIFT_VERSION = 5.0;
				TARGETED_DEVICE_FAMILY = "1,2";
			};
			name = Debug;
		};
		23060C472D5CE2B100A68F2B /* Release */ = {
			isa = XCBuildConfiguration;
			buildSettings = {
				ASSETCATALOG_COMPILER_APPICON_NAME = AppIcon;
				ASSETCATALOG_COMPILER_GLOBAL_ACCENT_COLOR_NAME = AccentColor;
				CODE_SIGN_STYLE = Automatic;
				CURRENT_PROJECT_VERSION = 1;
				DEVELOPMENT_ASSET_PATHS = "\"SimpleOperations/Preview Content\"";
				DEVELOPMENT_TEAM = 4UG443984D;
				ENABLE_PREVIEWS = YES;
				GENERATE_INFOPLIST_FILE = YES;
				INFOPLIST_KEY_UIApplicationSceneManifest_Generation = YES;
				INFOPLIST_KEY_UIApplicationSupportsIndirectInputEvents = YES;
				INFOPLIST_KEY_UILaunchScreen_Generation = YES;
				INFOPLIST_KEY_UISupportedInterfaceOrientations_iPad = "UIInterfaceOrientationPortrait UIInterfaceOrientationPortraitUpsideDown UIInterfaceOrientationLandscapeLeft UIInterfaceOrientationLandscapeRight";
				INFOPLIST_KEY_UISupportedInterfaceOrientations_iPhone = "UIInterfaceOrientationPortrait UIInterfaceOrientationLandscapeLeft UIInterfaceOrientationLandscapeRight";
				LD_RUNPATH_SEARCH_PATHS = (
					"$(inherited)",
					"@executable_path/Frameworks",
				);
				MARKETING_VERSION = 1.0;
				PRODUCT_BUNDLE_IDENTIFIER = ca.neilshah.SimpleOperations;
				PRODUCT_NAME = "$(TARGET_NAME)";
				SWIFT_EMIT_LOC_STRINGS = YES;
				SWIFT_VERSION = 5.0;
				TARGETED_DEVICE_FAMILY = "1,2";
			};
			name = Release;
		};
/* End XCBuildConfiguration section */

/* Begin XCConfigurationList section */
		23060C322D5CE2AD00A68F2B /* Build configuration list for PBXProject "SimpleOperations" */ = {
			isa = XCConfigurationList;
			buildConfigurations = (
				23060C432D5CE2B100A68F2B /* Debug */,
				23060C442D5CE2B100A68F2B /* Release */,
			);
			defaultConfigurationIsVisible = 0;
			defaultConfigurationName = Release;
		};
		23060C452D5CE2B100A68F2B /* Build configuration list for PBXNativeTarget "SimpleOperations" */ = {
			isa = XCConfigurationList;
			buildConfigurations = (
				23060C462D5CE2B100A68F2B /* Debug */,
				23060C472D5CE2B100A68F2B /* Release */,
			);
			defaultConfigurationIsVisible = 0;
			defaultConfigurationName = Release;
		};
/* End XCConfigurationList section */
	};
	rootObject = 23060C2F2D5CE2AD00A68F2B /* Project object */;
}
